
Microsoft Visual Studio Solution File, Format Version 12.00
# Visual Studio Version 16
VisualStudioVersion = 16.0.30114.105
MinimumVisualStudioVersion = 10.0.40219.1
Project("{FAE04EC0-301F-11D3-BF4B-00C04F79EFBC}") = "베이스볼_결과_예상하기", "베이스볼_결과_예상하기.csproj", "{C8F032F0-C898-43DF-B74E-23DFC73116BC}"
EndProject
Global
	GlobalSection(SolutionConfigurationPlatforms) = preSolution
		Debug|Any CPU = Debug|Any CPU
		Release|Any CPU = Release|Any CPU
	EndGlobalSection
	GlobalSection(ProjectConfigurationPlatforms) = postSolution
		{C8F032F0-C898-43DF-B74E-23DFC73116BC}.Debug|Any CPU.ActiveCfg = Debug|Any CPU
		{C8F032F0-C898-43DF-B74E-23DFC73116BC}.Debug|Any CPU.Build.0 = Debug|Any CPU
		{C8F032F0-C898-43DF-B74E-23DFC73116BC}.Release|Any CPU.ActiveCfg = Release|Any CPU
		{C8F032F0-C898-43DF-B74E-23DFC73116BC}.Release|Any CPU.Build.0 = Release|Any CPU
	EndGlobalSection
	GlobalSection(SolutionProperties) = preSolution
		HideSolutionNode = FALSE
	EndGlobalSection
	GlobalSection(ExtensibilityGlobals) = postSolution
		SolutionGuid = {C82C34DB-7A40-4C78-B484-B9A18DAAEBB6}
	EndGlobalSection
EndGlobal
